
Microsoft Visual Studio Solution File, Format Version 12.00
# Visual Studio Version 16
VisualStudioVersion = 16.0.28531.58
MinimumVisualStudioVersion = 10.0.40219.1
Project("{2150E333-8FDC-42A3-9474-1A3956D46DE8}") = "src", "src", "{BD2706C5-6C57-484D-89C8-A0CF5F8E3D19}"
	ProjectSection(SolutionItems) = preProject
		src\Directory.Build.props = src\Directory.Build.props
	EndProjectSection
EndProject
Project("{2150E333-8FDC-42A3-9474-1A3956D46DE8}") = "test", "test", "{8905D2E3-4499-4A86-BF3E-F098F228DD59}"
EndProject
Project("{9A19103F-16F7-4668-BE54-9A1E7A4F7556}") = "JsonWebToken", "src\JsonWebToken\JsonWebToken.csproj", "{1ABCE19E-5F8A-4068-945F-79FBCE9655B4}"
EndProject
Project("{9A19103F-16F7-4668-BE54-9A1E7A4F7556}") = "JsonWebToken.Tests", "test\JsonWebToken.Tests\JsonWebToken.Tests.csproj", "{18A12F8C-3C59-4E9F-ACF2-36C675D7BEE3}"
EndProject
Project("{9A19103F-16F7-4668-BE54-9A1E7A4F7556}") = "Benchmarks", "perf\Benchmarks\Benchmarks.csproj", "{EC78DAA1-2A7B-4315-8709-DD67D6F3530E}"
EndProject
Project("{9A19103F-16F7-4668-BE54-9A1E7A4F7556}") = "JsonWebToken.OpenIdConnect", "src\OpenIdConnect\JsonWebToken.OpenIdConnect.csproj", "{07F87B0C-7A37-466F-A3DC-24E1AA4DC9A2}"
EndProject
Project("{9A19103F-16F7-4668-BE54-9A1E7A4F7556}") = "JsonWebToken.SecurityEventTokens", "src\SecurityEventTokens\JsonWebToken.SecurityEventTokens.csproj", "{C796FD70-DA69-4F3C-872D-87842C30149A}"
EndProject
Project("{9A19103F-16F7-4668-BE54-9A1E7A4F7556}") = "JsonWebToken.OAuth2", "src\OAuth2\JsonWebToken.OAuth2.csproj", "{D5994756-CD32-410D-9430-EA0EB7C2DEFA}"
EndProject
Project("{9A19103F-16F7-4668-BE54-9A1E7A4F7556}") = "JsonWebToken.KeyVault", "src\KeyVault\JsonWebToken.KeyVault.csproj", "{3183725E-25D2-4596-A29D-4578C4E1DD5C}"
EndProject
Project("{2150E333-8FDC-42A3-9474-1A3956D46DE8}") = "Solution Items", "Solution Items", "{81504C49-6E6B-499F-B2EE-10C5E5B69614}"
	ProjectSection(SolutionItems) = preProject
		global.json = global.json
	EndProjectSection
EndProject
Project("{2150E333-8FDC-42A3-9474-1A3956D46DE8}") = "perf", "perf", "{40741FC5-7061-45D8-B484-2EE2D647258F}"
EndProject
Project("{2150E333-8FDC-42A3-9474-1A3956D46DE8}") = "build", "build", "{E98F10A4-F0F7-4B34-A6A5-DA57A64329B2}"
	ProjectSection(SolutionItems) = preProject
		azure-pipelines.yml = azure-pipelines.yml
	EndProjectSection
EndProject
Project("{2150E333-8FDC-42A3-9474-1A3956D46DE8}") = ".azure", ".azure", "{1BDCDCC0-A83B-4C8B-BFA6-D2F56FF22AB2}"
EndProject
Project("{2150E333-8FDC-42A3-9474-1A3956D46DE8}") = "pipelines", "pipelines", "{D1E671F5-6543-4B77-91A5-7E24139493F8}"
	ProjectSection(SolutionItems) = preProject
		.azure\pipelines\ci.yml = .azure\pipelines\ci.yml
	EndProjectSection
EndProject
Project("{2150E333-8FDC-42A3-9474-1A3956D46DE8}") = "jobs", "jobs", "{97DF99D2-A50C-4170-A363-BE39B7F27FB8}"
	ProjectSection(SolutionItems) = preProject
		.azure\pipelines\jobs\benchmarks.yml = .azure\pipelines\jobs\benchmarks.yml
		.azure\pipelines\jobs\build.yml = .azure\pipelines\jobs\build.yml
	EndProjectSection
EndProject
Project("{9A19103F-16F7-4668-BE54-9A1E7A4F7556}") = "JsonWebToken.OpenIDConnect.Tests", "test\JsonWebToken.OpenIDConnect.Tests\JsonWebToken.OpenIDConnect.Tests.csproj", "{D53856E4-8B17-46BA-842D-D2D2EC1CA148}"
EndProject
Project("{2150E333-8FDC-42A3-9474-1A3956D46DE8}") = "samples", "samples", "{F682D324-E173-48DF-819B-D3811CFAA68D}"
EndProject
Project("{9A19103F-16F7-4668-BE54-9A1E7A4F7556}") = "BinaryJwtCreationSample", "samples\BinaryJwtCreationSample\BinaryJwtCreationSample.csproj", "{4070CB56-07A5-42EC-9BCE-B3C3D4BEF2F5}"
EndProject
Project("{9A19103F-16F7-4668-BE54-9A1E7A4F7556}") = "JweCreationSample", "samples\JweCreationSample\JweCreationSample.csproj", "{ECDD84C4-CF15-4DFF-A075-F386671825E5}"
EndProject
Project("{9A19103F-16F7-4668-BE54-9A1E7A4F7556}") = "JwsCreationSample", "samples\JwsCreationSample\JwsCreationSample.csproj", "{14A2FA5A-2FD6-43F1-B3FB-1C8A896512D1}"
EndProject
Project("{9A19103F-16F7-4668-BE54-9A1E7A4F7556}") = "PlaintextJwtCreationSample", "samples\PlaintextJwtCreationSample\PlaintextJwtCreationSample.csproj", "{4BCA9700-F42C-4A2C-A698-1439F9C8F911}"
EndProject
Project("{9A19103F-16F7-4668-BE54-9A1E7A4F7556}") = "JweValidationSample", "samples\JweValidationSample\JweValidationSample.csproj", "{F660E803-A245-4B90-BE22-D0744445E255}"
EndProject
Project("{9A19103F-16F7-4668-BE54-9A1E7A4F7556}") = "JwsValidationSample", "samples\JwsValidationSample\JwsValidationSample.csproj", "{FA3AB9C1-2756-42E7-9A42-26033DC98A3A}"
EndProject
Project("{9A19103F-16F7-4668-BE54-9A1E7A4F7556}") = "CreatePerf", "perf\CreatePerf\CreatePerf.csproj", "{CD49103F-1C15-4E03-8A39-2941FFA92DC5}"
EndProject
Project("{9A19103F-16F7-4668-BE54-9A1E7A4F7556}") = "ValidatePerf", "perf\ValidatePerf\ValidatePerf.csproj", "{089A5394-191A-4FA9-8626-4F9BC2914777}"
EndProject
Project("{9A19103F-16F7-4668-BE54-9A1E7A4F7556}") = "UnsecureJwtCreationSample", "samples\UnsecureJwtCreationSample\UnsecureJwtCreationSample.csproj", "{1E5A3220-C5F6-40F8-9F8F-4F63710F4954}"
EndProject
Project("{9A19103F-16F7-4668-BE54-9A1E7A4F7556}") = "JsonWebToken.OAuth2.Tests", "test\JsonWebToken.OAuth2.Tests\JsonWebToken.OAuth2.Tests.csproj", "{DBF42FBC-F2EC-437F-ABBA-E5CC4414A362}"
EndProject
Project("{9A19103F-16F7-4668-BE54-9A1E7A4F7556}") = "JsonWebToken.SecurityEventTokens.Tests", "test\JsonWebToken.SecurityEventTokens.Tests\JsonWebToken.SecurityEventTokens.Tests.csproj", "{B6A35697-CE2C-48A6-8F66-3B13B0071987}"
EndProject
Project("{9A19103F-16F7-4668-BE54-9A1E7A4F7556}") = "JsonWebToken.Tests.Common", "test\JsonWebToken.Tests.Common\JsonWebToken.Tests.Common.csproj", "{E5027F77-CCE9-4014-9F3D-05584AF590C2}"
EndProject
Project("{2150E333-8FDC-42A3-9474-1A3956D46DE8}") = "fuzz", "fuzz", "{9B57A379-AA34-40CB-BEB1-F9EA38792A3B}"
EndProject
Project("{9A19103F-16F7-4668-BE54-9A1E7A4F7556}") = "FuzzTest", "fuzz\FuzzTest\FuzzTest.csproj", "{3D743A21-CCCE-41B1-B9E9-CEBF0A3D7942}"
EndProject
Project("{9A19103F-16F7-4668-BE54-9A1E7A4F7556}") = "MultiIssuersValidationSample", "samples\MultiIssuersValidationSample\MultiIssuersValidationSample.csproj", "{36269BC7-CFC5-42F4-A63B-A7F6614B9820}"
EndProject
Project("{F2A71F9B-5D33-465A-A702-920D77279786}") = "JsonWebToken.FSharp.Tests", "test\JsonWebToken.FSharp.Tests\JsonWebToken.FSharp.Tests.fsproj", "{5E728F4F-D3B6-425B-8A4C-B6240650B70A}"
EndProject
Global
	GlobalSection(SolutionConfigurationPlatforms) = preSolution
		Debug|Any CPU = Debug|Any CPU
		Release|Any CPU = Release|Any CPU
	EndGlobalSection
	GlobalSection(ProjectConfigurationPlatforms) = postSolution
		{1ABCE19E-5F8A-4068-945F-79FBCE9655B4}.Debug|Any CPU.ActiveCfg = Debug|Any CPU
		{1ABCE19E-5F8A-4068-945F-79FBCE9655B4}.Debug|Any CPU.Build.0 = Debug|Any CPU
		{1ABCE19E-5F8A-4068-945F-79FBCE9655B4}.Release|Any CPU.ActiveCfg = Release|Any CPU
		{1ABCE19E-5F8A-4068-945F-79FBCE9655B4}.Release|Any CPU.Build.0 = Release|Any CPU
		{18A12F8C-3C59-4E9F-ACF2-36C675D7BEE3}.Debug|Any CPU.ActiveCfg = Debug|Any CPU
		{18A12F8C-3C59-4E9F-ACF2-36C675D7BEE3}.Debug|Any CPU.Build.0 = Debug|Any CPU
		{18A12F8C-3C59-4E9F-ACF2-36C675D7BEE3}.Release|Any CPU.ActiveCfg = Release|Any CPU
		{18A12F8C-3C59-4E9F-ACF2-36C675D7BEE3}.Release|Any CPU.Build.0 = Release|Any CPU
		{EC78DAA1-2A7B-4315-8709-DD67D6F3530E}.Debug|Any CPU.ActiveCfg = Debug|Any CPU
		{EC78DAA1-2A7B-4315-8709-DD67D6F3530E}.Debug|Any CPU.Build.0 = Debug|Any CPU
		{EC78DAA1-2A7B-4315-8709-DD67D6F3530E}.Release|Any CPU.ActiveCfg = Release|Any CPU
		{EC78DAA1-2A7B-4315-8709-DD67D6F3530E}.Release|Any CPU.Build.0 = Release|Any CPU
		{07F87B0C-7A37-466F-A3DC-24E1AA4DC9A2}.Debug|Any CPU.ActiveCfg = Debug|Any CPU
		{07F87B0C-7A37-466F-A3DC-24E1AA4DC9A2}.Debug|Any CPU.Build.0 = Debug|Any CPU
		{07F87B0C-7A37-466F-A3DC-24E1AA4DC9A2}.Release|Any CPU.ActiveCfg = Release|Any CPU
		{07F87B0C-7A37-466F-A3DC-24E1AA4DC9A2}.Release|Any CPU.Build.0 = Release|Any CPU
		{C796FD70-DA69-4F3C-872D-87842C30149A}.Debug|Any CPU.ActiveCfg = Debug|Any CPU
		{C796FD70-DA69-4F3C-872D-87842C30149A}.Debug|Any CPU.Build.0 = Debug|Any CPU
		{C796FD70-DA69-4F3C-872D-87842C30149A}.Release|Any CPU.ActiveCfg = Release|Any CPU
		{C796FD70-DA69-4F3C-872D-87842C30149A}.Release|Any CPU.Build.0 = Release|Any CPU
		{D5994756-CD32-410D-9430-EA0EB7C2DEFA}.Debug|Any CPU.ActiveCfg = Debug|Any CPU
		{D5994756-CD32-410D-9430-EA0EB7C2DEFA}.Debug|Any CPU.Build.0 = Debug|Any CPU
		{D5994756-CD32-410D-9430-EA0EB7C2DEFA}.Release|Any CPU.ActiveCfg = Release|Any CPU
		{D5994756-CD32-410D-9430-EA0EB7C2DEFA}.Release|Any CPU.Build.0 = Release|Any CPU
		{3183725E-25D2-4596-A29D-4578C4E1DD5C}.Debug|Any CPU.ActiveCfg = Debug|Any CPU
		{3183725E-25D2-4596-A29D-4578C4E1DD5C}.Debug|Any CPU.Build.0 = Debug|Any CPU
		{3183725E-25D2-4596-A29D-4578C4E1DD5C}.Release|Any CPU.ActiveCfg = Release|Any CPU
		{3183725E-25D2-4596-A29D-4578C4E1DD5C}.Release|Any CPU.Build.0 = Release|Any CPU
		{D53856E4-8B17-46BA-842D-D2D2EC1CA148}.Debug|Any CPU.ActiveCfg = Debug|Any CPU
		{D53856E4-8B17-46BA-842D-D2D2EC1CA148}.Debug|Any CPU.Build.0 = Debug|Any CPU
		{D53856E4-8B17-46BA-842D-D2D2EC1CA148}.Release|Any CPU.ActiveCfg = Release|Any CPU
		{D53856E4-8B17-46BA-842D-D2D2EC1CA148}.Release|Any CPU.Build.0 = Release|Any CPU
		{4070CB56-07A5-42EC-9BCE-B3C3D4BEF2F5}.Debug|Any CPU.ActiveCfg = Debug|Any CPU
		{4070CB56-07A5-42EC-9BCE-B3C3D4BEF2F5}.Debug|Any CPU.Build.0 = Debug|Any CPU
		{4070CB56-07A5-42EC-9BCE-B3C3D4BEF2F5}.Release|Any CPU.ActiveCfg = Release|Any CPU
		{4070CB56-07A5-42EC-9BCE-B3C3D4BEF2F5}.Release|Any CPU.Build.0 = Release|Any CPU
		{ECDD84C4-CF15-4DFF-A075-F386671825E5}.Debug|Any CPU.ActiveCfg = Debug|Any CPU
		{ECDD84C4-CF15-4DFF-A075-F386671825E5}.Debug|Any CPU.Build.0 = Debug|Any CPU
		{ECDD84C4-CF15-4DFF-A075-F386671825E5}.Release|Any CPU.ActiveCfg = Release|Any CPU
		{ECDD84C4-CF15-4DFF-A075-F386671825E5}.Release|Any CPU.Build.0 = Release|Any CPU
		{14A2FA5A-2FD6-43F1-B3FB-1C8A896512D1}.Debug|Any CPU.ActiveCfg = Debug|Any CPU
		{14A2FA5A-2FD6-43F1-B3FB-1C8A896512D1}.Debug|Any CPU.Build.0 = Debug|Any CPU
		{14A2FA5A-2FD6-43F1-B3FB-1C8A896512D1}.Release|Any CPU.ActiveCfg = Release|Any CPU
		{14A2FA5A-2FD6-43F1-B3FB-1C8A896512D1}.Release|Any CPU.Build.0 = Release|Any CPU
		{4BCA9700-F42C-4A2C-A698-1439F9C8F911}.Debug|Any CPU.ActiveCfg = Debug|Any CPU
		{4BCA9700-F42C-4A2C-A698-1439F9C8F911}.Debug|Any CPU.Build.0 = Debug|Any CPU
		{4BCA9700-F42C-4A2C-A698-1439F9C8F911}.Release|Any CPU.ActiveCfg = Release|Any CPU
		{4BCA9700-F42C-4A2C-A698-1439F9C8F911}.Release|Any CPU.Build.0 = Release|Any CPU
		{F660E803-A245-4B90-BE22-D0744445E255}.Debug|Any CPU.ActiveCfg = Debug|Any CPU
		{F660E803-A245-4B90-BE22-D0744445E255}.Debug|Any CPU.Build.0 = Debug|Any CPU
		{F660E803-A245-4B90-BE22-D0744445E255}.Release|Any CPU.ActiveCfg = Release|Any CPU
		{F660E803-A245-4B90-BE22-D0744445E255}.Release|Any CPU.Build.0 = Release|Any CPU
		{FA3AB9C1-2756-42E7-9A42-26033DC98A3A}.Debug|Any CPU.ActiveCfg = Debug|Any CPU
		{FA3AB9C1-2756-42E7-9A42-26033DC98A3A}.Debug|Any CPU.Build.0 = Debug|Any CPU
		{FA3AB9C1-2756-42E7-9A42-26033DC98A3A}.Release|Any CPU.ActiveCfg = Release|Any CPU
		{FA3AB9C1-2756-42E7-9A42-26033DC98A3A}.Release|Any CPU.Build.0 = Release|Any CPU
		{CD49103F-1C15-4E03-8A39-2941FFA92DC5}.Debug|Any CPU.ActiveCfg = Debug|Any CPU
		{CD49103F-1C15-4E03-8A39-2941FFA92DC5}.Debug|Any CPU.Build.0 = Debug|Any CPU
		{CD49103F-1C15-4E03-8A39-2941FFA92DC5}.Release|Any CPU.ActiveCfg = Release|Any CPU
		{CD49103F-1C15-4E03-8A39-2941FFA92DC5}.Release|Any CPU.Build.0 = Release|Any CPU
		{089A5394-191A-4FA9-8626-4F9BC2914777}.Debug|Any CPU.ActiveCfg = Debug|Any CPU
		{089A5394-191A-4FA9-8626-4F9BC2914777}.Debug|Any CPU.Build.0 = Debug|Any CPU
		{089A5394-191A-4FA9-8626-4F9BC2914777}.Release|Any CPU.ActiveCfg = Release|Any CPU
		{089A5394-191A-4FA9-8626-4F9BC2914777}.Release|Any CPU.Build.0 = Release|Any CPU
		{1E5A3220-C5F6-40F8-9F8F-4F63710F4954}.Debug|Any CPU.ActiveCfg = Debug|Any CPU
		{1E5A3220-C5F6-40F8-9F8F-4F63710F4954}.Debug|Any CPU.Build.0 = Debug|Any CPU
		{1E5A3220-C5F6-40F8-9F8F-4F63710F4954}.Release|Any CPU.ActiveCfg = Release|Any CPU
		{1E5A3220-C5F6-40F8-9F8F-4F63710F4954}.Release|Any CPU.Build.0 = Release|Any CPU
		{DBF42FBC-F2EC-437F-ABBA-E5CC4414A362}.Debug|Any CPU.ActiveCfg = Debug|Any CPU
		{DBF42FBC-F2EC-437F-ABBA-E5CC4414A362}.Debug|Any CPU.Build.0 = Debug|Any CPU
		{DBF42FBC-F2EC-437F-ABBA-E5CC4414A362}.Release|Any CPU.ActiveCfg = Release|Any CPU
		{DBF42FBC-F2EC-437F-ABBA-E5CC4414A362}.Release|Any CPU.Build.0 = Release|Any CPU
		{B6A35697-CE2C-48A6-8F66-3B13B0071987}.Debug|Any CPU.ActiveCfg = Debug|Any CPU
		{B6A35697-CE2C-48A6-8F66-3B13B0071987}.Debug|Any CPU.Build.0 = Debug|Any CPU
		{B6A35697-CE2C-48A6-8F66-3B13B0071987}.Release|Any CPU.ActiveCfg = Release|Any CPU
		{B6A35697-CE2C-48A6-8F66-3B13B0071987}.Release|Any CPU.Build.0 = Release|Any CPU
		{E5027F77-CCE9-4014-9F3D-05584AF590C2}.Debug|Any CPU.ActiveCfg = Debug|Any CPU
		{E5027F77-CCE9-4014-9F3D-05584AF590C2}.Debug|Any CPU.Build.0 = Debug|Any CPU
		{E5027F77-CCE9-4014-9F3D-05584AF590C2}.Release|Any CPU.ActiveCfg = Release|Any CPU
		{E5027F77-CCE9-4014-9F3D-05584AF590C2}.Release|Any CPU.Build.0 = Release|Any CPU
		{3D743A21-CCCE-41B1-B9E9-CEBF0A3D7942}.Debug|Any CPU.ActiveCfg = Debug|Any CPU
		{3D743A21-CCCE-41B1-B9E9-CEBF0A3D7942}.Debug|Any CPU.Build.0 = Debug|Any CPU
		{3D743A21-CCCE-41B1-B9E9-CEBF0A3D7942}.Release|Any CPU.ActiveCfg = Release|Any CPU
		{3D743A21-CCCE-41B1-B9E9-CEBF0A3D7942}.Release|Any CPU.Build.0 = Release|Any CPU
		{36269BC7-CFC5-42F4-A63B-A7F6614B9820}.Debug|Any CPU.ActiveCfg = Debug|Any CPU
		{36269BC7-CFC5-42F4-A63B-A7F6614B9820}.Debug|Any CPU.Build.0 = Debug|Any CPU
		{36269BC7-CFC5-42F4-A63B-A7F6614B9820}.Release|Any CPU.ActiveCfg = Release|Any CPU
		{36269BC7-CFC5-42F4-A63B-A7F6614B9820}.Release|Any CPU.Build.0 = Release|Any CPU
		{5E728F4F-D3B6-425B-8A4C-B6240650B70A}.Debug|Any CPU.ActiveCfg = Debug|Any CPU
		{5E728F4F-D3B6-425B-8A4C-B6240650B70A}.Debug|Any CPU.Build.0 = Debug|Any CPU
		{5E728F4F-D3B6-425B-8A4C-B6240650B70A}.Release|Any CPU.ActiveCfg = Release|Any CPU
		{5E728F4F-D3B6-425B-8A4C-B6240650B70A}.Release|Any CPU.Build.0 = Release|Any CPU
	EndGlobalSection
	GlobalSection(SolutionProperties) = preSolution
		HideSolutionNode = FALSE
	EndGlobalSection
	GlobalSection(NestedProjects) = preSolution
		{1ABCE19E-5F8A-4068-945F-79FBCE9655B4} = {BD2706C5-6C57-484D-89C8-A0CF5F8E3D19}
		{18A12F8C-3C59-4E9F-ACF2-36C675D7BEE3} = {8905D2E3-4499-4A86-BF3E-F098F228DD59}
		{EC78DAA1-2A7B-4315-8709-DD67D6F3530E} = {40741FC5-7061-45D8-B484-2EE2D647258F}
		{07F87B0C-7A37-466F-A3DC-24E1AA4DC9A2} = {BD2706C5-6C57-484D-89C8-A0CF5F8E3D19}
		{C796FD70-DA69-4F3C-872D-87842C30149A} = {BD2706C5-6C57-484D-89C8-A0CF5F8E3D19}
		{D5994756-CD32-410D-9430-EA0EB7C2DEFA} = {BD2706C5-6C57-484D-89C8-A0CF5F8E3D19}
		{3183725E-25D2-4596-A29D-4578C4E1DD5C} = {BD2706C5-6C57-484D-89C8-A0CF5F8E3D19}
		{D1E671F5-6543-4B77-91A5-7E24139493F8} = {1BDCDCC0-A83B-4C8B-BFA6-D2F56FF22AB2}
		{97DF99D2-A50C-4170-A363-BE39B7F27FB8} = {D1E671F5-6543-4B77-91A5-7E24139493F8}
		{D53856E4-8B17-46BA-842D-D2D2EC1CA148} = {8905D2E3-4499-4A86-BF3E-F098F228DD59}
		{4070CB56-07A5-42EC-9BCE-B3C3D4BEF2F5} = {F682D324-E173-48DF-819B-D3811CFAA68D}
		{ECDD84C4-CF15-4DFF-A075-F386671825E5} = {F682D324-E173-48DF-819B-D3811CFAA68D}
		{14A2FA5A-2FD6-43F1-B3FB-1C8A896512D1} = {F682D324-E173-48DF-819B-D3811CFAA68D}
		{4BCA9700-F42C-4A2C-A698-1439F9C8F911} = {F682D324-E173-48DF-819B-D3811CFAA68D}
		{F660E803-A245-4B90-BE22-D0744445E255} = {F682D324-E173-48DF-819B-D3811CFAA68D}
		{FA3AB9C1-2756-42E7-9A42-26033DC98A3A} = {F682D324-E173-48DF-819B-D3811CFAA68D}
		{CD49103F-1C15-4E03-8A39-2941FFA92DC5} = {40741FC5-7061-45D8-B484-2EE2D647258F}
		{089A5394-191A-4FA9-8626-4F9BC2914777} = {40741FC5-7061-45D8-B484-2EE2D647258F}
		{1E5A3220-C5F6-40F8-9F8F-4F63710F4954} = {F682D324-E173-48DF-819B-D3811CFAA68D}
		{DBF42FBC-F2EC-437F-ABBA-E5CC4414A362} = {8905D2E3-4499-4A86-BF3E-F098F228DD59}
		{B6A35697-CE2C-48A6-8F66-3B13B0071987} = {8905D2E3-4499-4A86-BF3E-F098F228DD59}
		{E5027F77-CCE9-4014-9F3D-05584AF590C2} = {8905D2E3-4499-4A86-BF3E-F098F228DD59}
		{3D743A21-CCCE-41B1-B9E9-CEBF0A3D7942} = {9B57A379-AA34-40CB-BEB1-F9EA38792A3B}
		{36269BC7-CFC5-42F4-A63B-A7F6614B9820} = {F682D324-E173-48DF-819B-D3811CFAA68D}
		{5E728F4F-D3B6-425B-8A4C-B6240650B70A} = {8905D2E3-4499-4A86-BF3E-F098F228DD59}
	EndGlobalSection
	GlobalSection(ExtensibilityGlobals) = postSolution
		SolutionGuid = {2F681326-7ED4-45F6-BD1D-1119EA388F42}
	EndGlobalSection
EndGlobal
